
Microsoft Visual Studio Solution File, Format Version 12.00
# Visual Studio Version 17
VisualStudioVersion = 17.14.36310.24
MinimumVisualStudioVersion = 10.0.40219.1
Project("{FAE04EC0-301F-11D3-BF4B-00C04F79EFBC}") = "Thread_Prac", "CSharp_Prac\Thread_Prac.csproj", "{460FEE36-87DC-4675-8FAD-716DBF91702C}"
EndProject
Global
	GlobalSection(SolutionConfigurationPlatforms) = preSolution
		Debug|Any CPU = Debug|Any CPU
		Release|Any CPU = Release|Any CPU
	EndGlobalSection
	GlobalSection(ProjectConfigurationPlatforms) = postSolution
		{460FEE36-87DC-4675-8FAD-716DBF91702C}.Debug|Any CPU.ActiveCfg = Debug|Any CPU
		{460FEE36-87DC-4675-8FAD-716DBF91702C}.Debug|Any CPU.Build.0 = Debug|Any CPU
		{460FEE36-87DC-4675-8FAD-716DBF91702C}.Release|Any CPU.ActiveCfg = Release|Any CPU
		{460FEE36-87DC-4675-8FAD-716DBF91702C}.Release|Any CPU.Build.0 = Release|Any CPU
	EndGlobalSection
	GlobalSection(SolutionProperties) = preSolution
		HideSolutionNode = FALSE
	EndGlobalSection
	GlobalSection(ExtensibilityGlobals) = postSolution
		SolutionGuid = {3C3CCF96-675C-4350-B91C-E2F035085293}
	EndGlobalSection
EndGlobal
